
Microsoft Visual Studio Solution File, Format Version 12.00
# Visual Studio Version 16
VisualStudioVersion = 16.0.30503.244
MinimumVisualStudioVersion = 10.0.40219.1
Project("{FAE04EC0-301F-11D3-BF4B-00C04F79EFBC}") = "CodeKata.Kata13.Console", "Source\CodeKata.Kata13.Console\CodeKata.Kata13.Console.csproj", "{A7E34FDB-3245-42E4-BA42-71FF4829EE28}"
EndProject
Project("{FAE04EC0-301F-11D3-BF4B-00C04F79EFBC}") = "CodeKata.Kata13.Console.Tests", "Tests\CodeKata.Kata13.Console.Tests\CodeKata.Kata13.Console.Tests.csproj", "{2F93A943-1639-4B26-AC06-40772E41DD6A}"
EndProject
Global
	GlobalSection(SolutionConfigurationPlatforms) = preSolution
		Debug|Any CPU = Debug|Any CPU
		Release|Any CPU = Release|Any CPU
	EndGlobalSection
	GlobalSection(ProjectConfigurationPlatforms) = postSolution
		{A7E34FDB-3245-42E4-BA42-71FF4829EE28}.Debug|Any CPU.ActiveCfg = Debug|Any CPU
		{A7E34FDB-3245-42E4-BA42-71FF4829EE28}.Debug|Any CPU.Build.0 = Debug|Any CPU
		{A7E34FDB-3245-42E4-BA42-71FF4829EE28}.Release|Any CPU.ActiveCfg = Release|Any CPU
		{A7E34FDB-3245-42E4-BA42-71FF4829EE28}.Release|Any CPU.Build.0 = Release|Any CPU
		{2F93A943-1639-4B26-AC06-40772E41DD6A}.Debug|Any CPU.ActiveCfg = Debug|Any CPU
		{2F93A943-1639-4B26-AC06-40772E41DD6A}.Debug|Any CPU.Build.0 = Debug|Any CPU
		{2F93A943-1639-4B26-AC06-40772E41DD6A}.Release|Any CPU.ActiveCfg = Release|Any CPU
		{2F93A943-1639-4B26-AC06-40772E41DD6A}.Release|Any CPU.Build.0 = Release|Any CPU
	EndGlobalSection
	GlobalSection(SolutionProperties) = preSolution
		HideSolutionNode = FALSE
	EndGlobalSection
	GlobalSection(ExtensibilityGlobals) = postSolution
		SolutionGuid = {8B03973B-C094-4C50-8061-4932DC2A739E}
	EndGlobalSection
EndGlobal
